
Microsoft Visual Studio Solution File, Format Version 12.00
# Visual Studio Version 16
VisualStudioVersion = 16.0.29230.47
MinimumVisualStudioVersion = 15.0.26124.0
Project("{9A19103F-16F7-4668-BE54-9A1E7A4F7556}") = "ERGLauncher", "src\ERGLauncher.csproj", "{5BB6D171-6995-4CC4-9C5B-A7BEF47B81ED}"
EndProject
Global
	GlobalSection(SolutionConfigurationPlatforms) = preSolution
		Debug|Any CPU = Debug|Any CPU
		Debug|x64 = Debug|x64
		Debug|x86 = Debug|x86
		Release|Any CPU = Release|Any CPU
		Release|x64 = Release|x64
		Release|x86 = Release|x86
	EndGlobalSection
	GlobalSection(ProjectConfigurationPlatforms) = postSolution
		{5BB6D171-6995-4CC4-9C5B-A7BEF47B81ED}.Debug|Any CPU.ActiveCfg = Debug|Any CPU
		{5BB6D171-6995-4CC4-9C5B-A7BEF47B81ED}.Debug|Any CPU.Build.0 = Debug|Any CPU
		{5BB6D171-6995-4CC4-9C5B-A7BEF47B81ED}.Debug|x64.ActiveCfg = Debug|Any CPU
		{5BB6D171-6995-4CC4-9C5B-A7BEF47B81ED}.Debug|x64.Build.0 = Debug|Any CPU
		{5BB6D171-6995-4CC4-9C5B-A7BEF47B81ED}.Debug|x86.ActiveCfg = Debug|Any CPU
		{5BB6D171-6995-4CC4-9C5B-A7BEF47B81ED}.Debug|x86.Build.0 = Debug|Any CPU
		{5BB6D171-6995-4CC4-9C5B-A7BEF47B81ED}.Release|Any CPU.ActiveCfg = Release|Any CPU
		{5BB6D171-6995-4CC4-9C5B-A7BEF47B81ED}.Release|Any CPU.Build.0 = Release|Any CPU
		{5BB6D171-6995-4CC4-9C5B-A7BEF47B81ED}.Release|x64.ActiveCfg = Release|Any CPU
		{5BB6D171-6995-4CC4-9C5B-A7BEF47B81ED}.Release|x64.Build.0 = Release|Any CPU
		{5BB6D171-6995-4CC4-9C5B-A7BEF47B81ED}.Release|x86.ActiveCfg = Release|Any CPU
		{5BB6D171-6995-4CC4-9C5B-A7BEF47B81ED}.Release|x86.Build.0 = Release|Any CPU
	EndGlobalSection
	GlobalSection(SolutionProperties) = preSolution
		HideSolutionNode = FALSE
	EndGlobalSection
	GlobalSection(ExtensibilityGlobals) = postSolution
		SolutionGuid = {5B4573EA-2597-4F0B-8057-BE6AE7D30D1E}
	EndGlobalSection
EndGlobal
